# THIS IS AN AUTOGENERATED FILE. DO NOT EDIT THIS FILE DIRECTLY.
# yarn lockfile v1


check-more-types@2.24.0:
  version "2.24.0"
  resolved "https://registry.yarnpkg.com/check-more-types/-/check-more-types-2.24.0.tgz#1420ffb10fd444dcfc79b43891bbfffd32a84600"
  integrity sha1-FCD/sQ/URNz8ebQ4kbv//TKoRgA=

debug@2.6.8:
  version "2.6.8"
  resolved "https://registry.yarnpkg.com/debug/-/debug-2.6.8.tgz#e731531ca2ede27d188222427da17821d68ff4fc"
  integrity sha1-5zFTHKLt4n0YgiJCfaF4IdaP9Pw=
  dependencies:
    ms "2.0.0"

lazy-ass@1.6.0:
  version "1.6.0"
  resolved "https://registry.yarnpkg.com/lazy-ass/-/lazy-ass-1.6.0.tgz#7999655e8646c17f089fdd187d150d3324d54513"
  integrity sha1-eZllXoZGwX8In90YfRUNMyTVRRM=

minimist@^1.2.0:
  version "1.2.0"
  resolved "https://registry.yarnpkg.com/minimist/-/minimist-1.2.0.tgz#a35008b20f41383eec1fb914f4cd5df79a264284"
  integrity sha1-o1AIsg9BOD7sH7kU9M1d95omQoQ=

mock-fs@^4.7.0:
  version "4.7.0"
  resolved "https://registry.yarnpkg.com/mock-fs/-/mock-fs-4.7.0.tgz#9f17e219cacb8094f4010e0a8c38589e2b33c299"
  integrity sha512-WlQNtUlzMRpvLHf8dqeUmNqfdPjGY29KrJF50Ldb4AcL+vQeR8QH3wQcFMgrhTwb1gHjZn9xggho+84tBskLgA==

ms@2.0.0:
  version "2.0.0"
  resolved "https://registry.yarnpkg.com/ms/-/ms-2.0.0.tgz#5608aeadfc00be6c2901df5f9861788de0d597c8"
  integrity sha1-VgiurfwAvmwpAd9fmGF4jeDVl8g=

stub-spawn-once@^2.3.0:
  version "2.3.0"
  resolved "https://registry.yarnpkg.com/stub-spawn-once/-/stub-spawn-once-2.3.0.tgz#34ea7508fb001992f003ed53f2b5882278834fbb"
  integrity sha1-NOp1CPsAGZLwA+1T8rWIIniDT7s=
  dependencies:
    check-more-types "2.24.0"
    debug "2.6.8"
    lazy-ass "1.6.0"
